
Microsoft Visual Studio Solution File, Format Version 12.00
# Visual Studio Version 17
VisualStudioVersion = 17.0.31912.275
MinimumVisualStudioVersion = 10.0.40219.1
Project("{FAE04EC0-301F-11D3-BF4B-00C04F79EFBC}") = "WildLife", "WildLife\WildLife.csproj", "{1435C585-35BE-4F6E-9675-058DFAFE1C33}"
EndProject
Project("{FAE04EC0-301F-11D3-BF4B-00C04F79EFBC}") = "WildLife.Tests", "WildLife.Tests\WildLife.Tests.csproj", "{1D6EA696-FB34-4FAC-9D6A-D1F64FF046E1}"
EndProject
Global
	GlobalSection(SolutionConfigurationPlatforms) = preSolution
		Debug|Any CPU = Debug|Any CPU
		Release|Any CPU = Release|Any CPU
	EndGlobalSection
	GlobalSection(ProjectConfigurationPlatforms) = postSolution
		{1435C585-35BE-4F6E-9675-058DFAFE1C33}.Debug|Any CPU.ActiveCfg = Debug|Any CPU
		{1435C585-35BE-4F6E-9675-058DFAFE1C33}.Debug|Any CPU.Build.0 = Debug|Any CPU
		{1435C585-35BE-4F6E-9675-058DFAFE1C33}.Release|Any CPU.ActiveCfg = Release|Any CPU
		{1435C585-35BE-4F6E-9675-058DFAFE1C33}.Release|Any CPU.Build.0 = Release|Any CPU
		{1D6EA696-FB34-4FAC-9D6A-D1F64FF046E1}.Debug|Any CPU.ActiveCfg = Debug|Any CPU
		{1D6EA696-FB34-4FAC-9D6A-D1F64FF046E1}.Debug|Any CPU.Build.0 = Debug|Any CPU
		{1D6EA696-FB34-4FAC-9D6A-D1F64FF046E1}.Release|Any CPU.ActiveCfg = Release|Any CPU
		{1D6EA696-FB34-4FAC-9D6A-D1F64FF046E1}.Release|Any CPU.Build.0 = Release|Any CPU
	EndGlobalSection
	GlobalSection(SolutionProperties) = preSolution
		HideSolutionNode = FALSE
	EndGlobalSection
	GlobalSection(ExtensibilityGlobals) = postSolution
		SolutionGuid = {40365C9B-AE48-440D-9652-60B6E1430465}
	EndGlobalSection
EndGlobal
